# This file was autogenerated by Stack.
# You should not edit this file by hand.
# For more information, please see the documentation at:
#   https://docs.haskellstack.org/en/stable/topics/lock_files

packages:
- completed:
    hackage: quickcheck-properties-0.1@sha256:3bd0890e84ec4cf1c1e6e475152c2c0d7c85915a051cf4e8bf9ec70c32df735c,1268
    pantry-tree:
      sha256: 12264d8a89883b42e78c313792f8cba9af51c8fda915fce34e9780ff6972cf7e
      size: 550
  original:
    hackage: quickcheck-properties-0.1
snapshots:
- completed:
    sha256: db422bffc7b66cea3ad1dfa71440d1209e37b6233c4080eb2ea1fb9b91eacde5
    size: 726109
    url: https://raw.githubusercontent.com/commercialhaskell/stackage-snapshots/master/lts/24/17.yaml
  original: lts-24.17
